
Microsoft Visual Studio Solution File, Format Version 12.00
# Visual Studio 14
VisualStudioVersion = 14.0.25420.1
MinimumVisualStudioVersion = 10.0.40219.1
Project("{9092AA53-FB77-4645-B42D-1CCCA6BD08BD}") = "mtgREST", "mtgREST\mtgREST.njsproj", "{5B52D095-881A-4E7A-A8E1-7F458DA00513}"
EndProject
Global
	GlobalSection(SolutionConfigurationPlatforms) = preSolution
		Debug|Any CPU = Debug|Any CPU
		Release|Any CPU = Release|Any CPU
	EndGlobalSection
	GlobalSection(ProjectConfigurationPlatforms) = postSolution
		{5B52D095-881A-4E7A-A8E1-7F458DA00513}.Debug|Any CPU.ActiveCfg = Debug|Any CPU
		{5B52D095-881A-4E7A-A8E1-7F458DA00513}.Debug|Any CPU.Build.0 = Debug|Any CPU
		{5B52D095-881A-4E7A-A8E1-7F458DA00513}.Release|Any CPU.ActiveCfg = Release|Any CPU
		{5B52D095-881A-4E7A-A8E1-7F458DA00513}.Release|Any CPU.Build.0 = Release|Any CPU
	EndGlobalSection
	GlobalSection(SolutionProperties) = preSolution
		HideSolutionNode = FALSE
	EndGlobalSection
EndGlobal
